
Microsoft Visual Studio Solution File, Format Version 12.00
# Visual Studio 15
VisualStudioVersion = 15.0.28307.1062
MinimumVisualStudioVersion = 10.0.40219.1
Project("{8BC9CEB8-8B4A-11D0-8D11-00A0C91BC942}") = "1", "1\1.vcxproj", "{D541F6BA-A37A-4B01-8F37-7B78DB33C4AB}"
EndProject
Project("{8BC9CEB8-8B4A-11D0-8D11-00A0C91BC942}") = "2", "2\2.vcxproj", "{32100132-78C3-4851-9886-6A243990C458}"
EndProject
Global
	GlobalSection(SolutionConfigurationPlatforms) = preSolution
		Debug|x64 = Debug|x64
		Debug|x86 = Debug|x86
		Release|x64 = Release|x64
		Release|x86 = Release|x86
	EndGlobalSection
	GlobalSection(ProjectConfigurationPlatforms) = postSolution
		{D541F6BA-A37A-4B01-8F37-7B78DB33C4AB}.Debug|x64.ActiveCfg = Debug|x64
		{D541F6BA-A37A-4B01-8F37-7B78DB33C4AB}.Debug|x64.Build.0 = Debug|x64
		{D541F6BA-A37A-4B01-8F37-7B78DB33C4AB}.Debug|x86.ActiveCfg = Debug|Win32
		{D541F6BA-A37A-4B01-8F37-7B78DB33C4AB}.Debug|x86.Build.0 = Debug|Win32
		{D541F6BA-A37A-4B01-8F37-7B78DB33C4AB}.Release|x64.ActiveCfg = Release|x64
		{D541F6BA-A37A-4B01-8F37-7B78DB33C4AB}.Release|x64.Build.0 = Release|x64
		{D541F6BA-A37A-4B01-8F37-7B78DB33C4AB}.Release|x86.ActiveCfg = Release|Win32
		{D541F6BA-A37A-4B01-8F37-7B78DB33C4AB}.Release|x86.Build.0 = Release|Win32
		{32100132-78C3-4851-9886-6A243990C458}.Debug|x64.ActiveCfg = Debug|x64
		{32100132-78C3-4851-9886-6A243990C458}.Debug|x64.Build.0 = Debug|x64
		{32100132-78C3-4851-9886-6A243990C458}.Debug|x86.ActiveCfg = Debug|Win32
		{32100132-78C3-4851-9886-6A243990C458}.Debug|x86.Build.0 = Debug|Win32
		{32100132-78C3-4851-9886-6A243990C458}.Release|x64.ActiveCfg = Release|x64
		{32100132-78C3-4851-9886-6A243990C458}.Release|x64.Build.0 = Release|x64
		{32100132-78C3-4851-9886-6A243990C458}.Release|x86.ActiveCfg = Release|Win32
		{32100132-78C3-4851-9886-6A243990C458}.Release|x86.Build.0 = Release|Win32
	EndGlobalSection
	GlobalSection(SolutionProperties) = preSolution
		HideSolutionNode = FALSE
	EndGlobalSection
	GlobalSection(ExtensibilityGlobals) = postSolution
		SolutionGuid = {173ADC43-5F63-4AD4-9EF2-FC93E2132F27}
	EndGlobalSection
EndGlobal
