
Microsoft Visual Studio Solution File, Format Version 12.00
# Visual Studio 15
VisualStudioVersion = 15.0.28307.902
MinimumVisualStudioVersion = 10.0.40219.1
Project("{8BC9CEB8-8B4A-11D0-8D11-00A0C91BC942}") = "1", "1\1.vcxproj", "{EF723ACD-DE81-4CF4-A33F-605FE03C8375}"
EndProject
Project("{8BC9CEB8-8B4A-11D0-8D11-00A0C91BC942}") = "2", "2\2.vcxproj", "{06E2653B-CD1D-4241-B6E7-6009B6BBF509}"
EndProject
Global
	GlobalSection(SolutionConfigurationPlatforms) = preSolution
		Debug|x64 = Debug|x64
		Debug|x86 = Debug|x86
		Release|x64 = Release|x64
		Release|x86 = Release|x86
	EndGlobalSection
	GlobalSection(ProjectConfigurationPlatforms) = postSolution
		{EF723ACD-DE81-4CF4-A33F-605FE03C8375}.Debug|x64.ActiveCfg = Debug|x64
		{EF723ACD-DE81-4CF4-A33F-605FE03C8375}.Debug|x64.Build.0 = Debug|x64
		{EF723ACD-DE81-4CF4-A33F-605FE03C8375}.Debug|x86.ActiveCfg = Debug|Win32
		{EF723ACD-DE81-4CF4-A33F-605FE03C8375}.Debug|x86.Build.0 = Debug|Win32
		{EF723ACD-DE81-4CF4-A33F-605FE03C8375}.Release|x64.ActiveCfg = Release|x64
		{EF723ACD-DE81-4CF4-A33F-605FE03C8375}.Release|x64.Build.0 = Release|x64
		{EF723ACD-DE81-4CF4-A33F-605FE03C8375}.Release|x86.ActiveCfg = Release|Win32
		{EF723ACD-DE81-4CF4-A33F-605FE03C8375}.Release|x86.Build.0 = Release|Win32
		{06E2653B-CD1D-4241-B6E7-6009B6BBF509}.Debug|x64.ActiveCfg = Debug|x64
		{06E2653B-CD1D-4241-B6E7-6009B6BBF509}.Debug|x64.Build.0 = Debug|x64
		{06E2653B-CD1D-4241-B6E7-6009B6BBF509}.Debug|x86.ActiveCfg = Debug|Win32
		{06E2653B-CD1D-4241-B6E7-6009B6BBF509}.Debug|x86.Build.0 = Debug|Win32
		{06E2653B-CD1D-4241-B6E7-6009B6BBF509}.Release|x64.ActiveCfg = Release|x64
		{06E2653B-CD1D-4241-B6E7-6009B6BBF509}.Release|x64.Build.0 = Release|x64
		{06E2653B-CD1D-4241-B6E7-6009B6BBF509}.Release|x86.ActiveCfg = Release|Win32
		{06E2653B-CD1D-4241-B6E7-6009B6BBF509}.Release|x86.Build.0 = Release|Win32
	EndGlobalSection
	GlobalSection(SolutionProperties) = preSolution
		HideSolutionNode = FALSE
	EndGlobalSection
	GlobalSection(ExtensibilityGlobals) = postSolution
		SolutionGuid = {B4861963-EFFC-40FD-98E0-212BF2E37738}
	EndGlobalSection
EndGlobal
